// !$*UTF8*$!
{
	archiveVersion = 1;
	classes = {
	};
	objectVersion = 46;
	objects = {

/* Begin PBXBuildFile section */
		5636A7D521927CCB007CEE97 /* Person.m in Sources */ = {isa = PBXBuildFile; fileRef = 5636A7D421927CCB007CEE97 /* Person.m */; };
		5636A7D9219409D8007CEE97 /* BroadcastingViewController.m in Sources */ = {isa = PBXBuildFile; fileRef = 5636A7D8219409D8007CEE97 /* BroadcastingViewController.m */; };
		5636A7DD21940AFD007CEE97 /* BarrageViewController.m in Sources */ = {isa = PBXBuildFile; fileRef = 5636A7DC21940AFD007CEE97 /* BarrageViewController.m */; };
		5636A7E321940C8A007CEE97 /* NSString+XHHExtension.m in Sources */ = {isa = PBXBuildFile; fileRef = 5636A7E221940C8A007CEE97 /* NSString+XHHExtension.m */; };
		5636A7E621940D4E007CEE97 /* ZLScrollLabelView.m in Sources */ = {isa = PBXBuildFile; fileRef = 5636A7E521940D4E007CEE97 /* ZLScrollLabelView.m */; };
		5636A7EA21940EC7007CEE97 /* LiveHeartViewController.m in Sources */ = {isa = PBXBuildFile; fileRef = 5636A7E921940EC7007CEE97 /* LiveHeartViewController.m */; };
		5636A7ED21940F1C007CEE97 /* ZLLiveHeartView.m in Sources */ = {isa = PBXBuildFile; fileRef = 5636A7EC21940F1C007CEE97 /* ZLLiveHeartView.m */; };
		5636A7F121941048007CEE97 /* LikePictureViewController.m in Sources */ = {isa = PBXBuildFile; fileRef = 5636A7F021941048007CEE97 /* LikePictureViewController.m */; };
		5636A7F3219410DE007CEE97 /* resource.bundle in Resources */ = {isa = PBXBuildFile; fileRef = 5636A7F2219410DE007CEE97 /* resource.bundle */; };
		5636A7F621941142007CEE97 /* ZLLikeAnimation.m in Sources */ = {isa = PBXBuildFile; fileRef = 5636A7F521941142007CEE97 /* ZLLikeAnimation.m */; };
		5636A7FA2194125C007CEE97 /* FireworksViewController.m in Sources */ = {isa = PBXBuildFile; fileRef = 5636A7F92194125C007CEE97 /* FireworksViewController.m */; };
		5636A7FC219412EA007CEE97 /* fireworks@2x.png in Resources */ = {isa = PBXBuildFile; fileRef = 5636A7FB219412EA007CEE97 /* fireworks@2x.png */; };
		5636A7FE219412F7007CEE97 /* ring@2x.png in Resources */ = {isa = PBXBuildFile; fileRef = 5636A7FD219412F7007CEE97 /* ring@2x.png */; };
		5636A80221941350007CEE97 /* SnowflakeViewController.m in Sources */ = {isa = PBXBuildFile; fileRef = 5636A80121941350007CEE97 /* SnowflakeViewController.m */; };
		5636A805219413A1007CEE97 /* snow@2x.png in Resources */ = {isa = PBXBuildFile; fileRef = 5636A803219413A1007CEE97 /* snow@2x.png */; };
		5636A806219413A1007CEE97 /* alpha@2x.png in Resources */ = {isa = PBXBuildFile; fileRef = 5636A804219413A1007CEE97 /* alpha@2x.png */; };
		5644F8EA21884A98002911BA /* LoginTestViewController.m in Sources */ = {isa = PBXBuildFile; fileRef = 5644F8E921884A98002911BA /* LoginTestViewController.m */; };
		5644F8EF21884B77002911BA /* CaptchaView.m in Sources */ = {isa = PBXBuildFile; fileRef = 5644F8EE21884B77002911BA /* CaptchaView.m */; };
		5644F8F2218995BB002911BA /* PaySafePwdView.m in Sources */ = {isa = PBXBuildFile; fileRef = 5644F8F1218995BB002911BA /* PaySafePwdView.m */; };
		5644F8F921899C90002911BA /* AnimationsViewController.m in Sources */ = {isa = PBXBuildFile; fileRef = 5644F8F821899C90002911BA /* AnimationsViewController.m */; };
		56ADE6A8215CA1E90080B118 /* dele.png in Resources */ = {isa = PBXBuildFile; fileRef = 56ADE6A5215CA1E90080B118 /* dele.png */; };
		56ADE6A9215CA1E90080B118 /* MyTextView.m in Sources */ = {isa = PBXBuildFile; fileRef = 56ADE6A7215CA1E90080B118 /* MyTextView.m */; };
		56ADE6AD215CA1F50080B118 /* TTSViewController.m in Sources */ = {isa = PBXBuildFile; fileRef = 56ADE6AC215CA1F50080B118 /* TTSViewController.m */; };
		56ADE6B0215CA2ED0080B118 /* MainViewController.m in Sources */ = {isa = PBXBuildFile; fileRef = 56ADE6AF215CA2ED0080B118 /* MainViewController.m */; };
		56ADE6B4215CA7870080B118 /* BaiduFanYiTool.m in Sources */ = {isa = PBXBuildFile; fileRef = 56ADE6B3215CA7870080B118 /* BaiduFanYiTool.m */; };
		56ADE6B8215CAA830080B118 /* MyNetWorkManage.m in Sources */ = {isa = PBXBuildFile; fileRef = 56ADE6B7215CAA830080B118 /* MyNetWorkManage.m */; };
		56ADE6BF215CC59C0080B118 /* NSString+Encryption.m in Sources */ = {isa = PBXBuildFile; fileRef = 56ADE6BE215CC59C0080B118 /* NSString+Encryption.m */; };
		56ADE6C6215CDE050080B118 /* SuspensionDisplayView.m in Sources */ = {isa = PBXBuildFile; fileRef = 56ADE6C5215CDE050080B118 /* SuspensionDisplayView.m */; };
		56ADE6CC215E146A0080B118 /* UIView+Layout.m in Sources */ = {isa = PBXBuildFile; fileRef = 56ADE6CB215E146A0080B118 /* UIView+Layout.m */; };
		56ADE6CF215E18B30080B118 /* SpeechSettingController.m in Sources */ = {isa = PBXBuildFile; fileRef = 56ADE6CE215E18B30080B118 /* SpeechSettingController.m */; };
		56ADE6DF215F80F20080B118 /* MySliderView.m in Sources */ = {isa = PBXBuildFile; fileRef = 56ADE6DE215F80F20080B118 /* MySliderView.m */; };
		56ADE6E1215F81120080B118 /* MySliderView.xib in Resources */ = {isa = PBXBuildFile; fileRef = 56ADE6E0215F81120080B118 /* MySliderView.xib */; };
		56B88DE11F5FC0E90057A631 /* main.m in Sources */ = {isa = PBXBuildFile; fileRef = 56B88DE01F5FC0E90057A631 /* main.m */; };
		56B88DE41F5FC0E90057A631 /* AppDelegate.m in Sources */ = {isa = PBXBuildFile; fileRef = 56B88DE31F5FC0E90057A631 /* AppDelegate.m */; };
		56B88DE71F5FC0E90057A631 /* ViewController.m in Sources */ = {isa = PBXBuildFile; fileRef = 56B88DE61F5FC0E90057A631 /* ViewController.m */; };
		56B88DEA1F5FC0E90057A631 /* Main.storyboard in Resources */ = {isa = PBXBuildFile; fileRef = 56B88DE81F5FC0E90057A631 /* Main.storyboard */; };
		56B88DEC1F5FC0E90057A631 /* Assets.xcassets in Resources */ = {isa = PBXBuildFile; fileRef = 56B88DEB1F5FC0E90057A631 /* Assets.xcassets */; };
		56B88DEF1F5FC0E90057A631 /* LaunchScreen.storyboard in Resources */ = {isa = PBXBuildFile; fileRef = 56B88DED1F5FC0E90057A631 /* LaunchScreen.storyboard */; };
		56CB399F218C192E005C8A65 /* SingleObject.m in Sources */ = {isa = PBXBuildFile; fileRef = 56CB399E218C192E005C8A65 /* SingleObject.m */; };
		56CB39A6218C5066005C8A65 /* DesignPatternsViewController.m in Sources */ = {isa = PBXBuildFile; fileRef = 56CB39A5218C5066005C8A65 /* DesignPatternsViewController.m */; };
		56CB39A9218C5126005C8A65 /* SingletonTestViewController.m in Sources */ = {isa = PBXBuildFile; fileRef = 56CB39A8218C5126005C8A65 /* SingletonTestViewController.m */; };
		56F6356B217971380059BFA0 /* TestViewController.m in Sources */ = {isa = PBXBuildFile; fileRef = 56F6356A217971370059BFA0 /* TestViewController.m */; };
		93A5F86C2E8D46BA356E4154 /* libPods-testDemo.a in Frameworks */ = {isa = PBXBuildFile; fileRef = 1B2B99A6273BA5651ED76F32 /* libPods-testDemo.a */; };
/* End PBXBuildFile section */

/* Begin PBXFileReference section */
		1B2B99A6273BA5651ED76F32 /* libPods-testDemo.a */ = {isa = PBXFileReference; explicitFileType = archive.ar; includeInIndex = 0; path = "libPods-testDemo.a"; sourceTree = BUILT_PRODUCTS_DIR; };
		342532960FA2DDE9977C7DF6 /* Pods-testDemo.debug.xcconfig */ = {isa = PBXFileReference; includeInIndex = 1; lastKnownFileType = text.xcconfig; name = "Pods-testDemo.debug.xcconfig"; path = "Pods/Target Support Files/Pods-testDemo/Pods-testDemo.debug.xcconfig"; sourceTree = "<group>"; };
		5636A7D321927CCB007CEE97 /* Person.h */ = {isa = PBXFileReference; lastKnownFileType = sourcecode.c.h; path = Person.h; sourceTree = "<group>"; };
		5636A7D421927CCB007CEE97 /* Person.m */ = {isa = PBXFileReference; lastKnownFileType = sourcecode.c.objc; path = Person.m; sourceTree = "<group>"; };
		5636A7D7219409D8007CEE97 /* BroadcastingViewController.h */ = {isa = PBXFileReference; lastKnownFileType = sourcecode.c.h; path = BroadcastingViewController.h; sourceTree = "<group>"; };
		5636A7D8219409D8007CEE97 /* BroadcastingViewController.m */ = {isa = PBXFileReference; lastKnownFileType = sourcecode.c.objc; path = BroadcastingViewController.m; sourceTree = "<group>"; };
		5636A7DB21940AFD007CEE97 /* BarrageViewController.h */ = {isa = PBXFileReference; lastKnownFileType = sourcecode.c.h; path = BarrageViewController.h; sourceTree = "<group>"; };
		5636A7DC21940AFD007CEE97 /* BarrageViewController.m */ = {isa = PBXFileReference; lastKnownFileType = sourcecode.c.objc; path = BarrageViewController.m; sourceTree = "<group>"; };
		5636A7E121940C8A007CEE97 /* NSString+XHHExtension.h */ = {isa = PBXFileReference; lastKnownFileType = sourcecode.c.h; path = "NSString+XHHExtension.h"; sourceTree = "<group>"; };
		5636A7E221940C8A007CEE97 /* NSString+XHHExtension.m */ = {isa = PBXFileReference; lastKnownFileType = sourcecode.c.objc; path = "NSString+XHHExtension.m"; sourceTree = "<group>"; };
		5636A7E421940D4E007CEE97 /* ZLScrollLabelView.h */ = {isa = PBXFileReference; lastKnownFileType = sourcecode.c.h; path = ZLScrollLabelView.h; sourceTree = "<group>"; };
		5636A7E521940D4E007CEE97 /* ZLScrollLabelView.m */ = {isa = PBXFileReference; lastKnownFileType = sourcecode.c.objc; path = ZLScrollLabelView.m; sourceTree = "<group>"; };
		5636A7E821940EC7007CEE97 /* LiveHeartViewController.h */ = {isa = PBXFileReference; lastKnownFileType = sourcecode.c.h; path = LiveHeartViewController.h; sourceTree = "<group>"; };
		5636A7E921940EC7007CEE97 /* LiveHeartViewController.m */ = {isa = PBXFileReference; lastKnownFileType = sourcecode.c.objc; path = LiveHeartViewController.m; sourceTree = "<group>"; };
		5636A7EB21940F1C007CEE97 /* ZLLiveHeartView.h */ = {isa = PBXFileReference; lastKnownFileType = sourcecode.c.h; path = ZLLiveHeartView.h; sourceTree = "<group>"; };
		5636A7EC21940F1C007CEE97 /* ZLLiveHeartView.m */ = {isa = PBXFileReference; lastKnownFileType = sourcecode.c.objc; path = ZLLiveHeartView.m; sourceTree = "<group>"; };
		5636A7EF21941048007CEE97 /* LikePictureViewController.h */ = {isa = PBXFileReference; lastKnownFileType = sourcecode.c.h; path = LikePictureViewController.h; sourceTree = "<group>"; };
		5636A7F021941048007CEE97 /* LikePictureViewController.m */ = {isa = PBXFileReference; lastKnownFileType = sourcecode.c.objc; path = LikePictureViewController.m; sourceTree = "<group>"; };
		5636A7F2219410DE007CEE97 /* resource.bundle */ = {isa = PBXFileReference; lastKnownFileType = "wrapper.plug-in"; path = resource.bundle; sourceTree = "<group>"; };
		5636A7F421941142007CEE97 /* ZLLikeAnimation.h */ = {isa = PBXFileReference; lastKnownFileType = sourcecode.c.h; path = ZLLikeAnimation.h; sourceTree = "<group>"; };
		5636A7F521941142007CEE97 /* ZLLikeAnimation.m */ = {isa = PBXFileReference; lastKnownFileType = sourcecode.c.objc; path = ZLLikeAnimation.m; sourceTree = "<group>"; };
		5636A7F82194125C007CEE97 /* FireworksViewController.h */ = {isa = PBXFileReference; lastKnownFileType = sourcecode.c.h; path = FireworksViewController.h; sourceTree = "<group>"; };
		5636A7F92194125C007CEE97 /* FireworksViewController.m */ = {isa = PBXFileReference; lastKnownFileType = sourcecode.c.objc; path = FireworksViewController.m; sourceTree = "<group>"; };
		5636A7FB219412EA007CEE97 /* fireworks@2x.png */ = {isa = PBXFileReference; lastKnownFileType = image.png; path = "fireworks@2x.png"; sourceTree = "<group>"; };
		5636A7FD219412F7007CEE97 /* ring@2x.png */ = {isa = PBXFileReference; lastKnownFileType = image.png; path = "ring@2x.png"; sourceTree = "<group>"; };
		5636A80021941350007CEE97 /* SnowflakeViewController.h */ = {isa = PBXFileReference; lastKnownFileType = sourcecode.c.h; path = SnowflakeViewController.h; sourceTree = "<group>"; };
		5636A80121941350007CEE97 /* SnowflakeViewController.m */ = {isa = PBXFileReference; lastKnownFileType = sourcecode.c.objc; path = SnowflakeViewController.m; sourceTree = "<group>"; };
		5636A803219413A1007CEE97 /* snow@2x.png */ = {isa = PBXFileReference; lastKnownFileType = image.png; path = "snow@2x.png"; sourceTree = "<group>"; };
		5636A804219413A1007CEE97 /* alpha@2x.png */ = {isa = PBXFileReference; lastKnownFileType = image.png; path = "alpha@2x.png"; sourceTree = "<group>"; };
		5644F8E821884A98002911BA /* LoginTestViewController.h */ = {isa = PBXFileReference; lastKnownFileType = sourcecode.c.h; path = LoginTestViewController.h; sourceTree = "<group>"; };
		5644F8E921884A98002911BA /* LoginTestViewController.m */ = {isa = PBXFileReference; lastKnownFileType = sourcecode.c.objc; path = LoginTestViewController.m; sourceTree = "<group>"; };
		5644F8ED21884B77002911BA /* CaptchaView.h */ = {isa = PBXFileReference; lastKnownFileType = sourcecode.c.h; path = CaptchaView.h; sourceTree = "<group>"; };
		5644F8EE21884B77002911BA /* CaptchaView.m */ = {isa = PBXFileReference; lastKnownFileType = sourcecode.c.objc; path = CaptchaView.m; sourceTree = "<group>"; };
		5644F8F0218995BB002911BA /* PaySafePwdView.h */ = {isa = PBXFileReference; lastKnownFileType = sourcecode.c.h; path = PaySafePwdView.h; sourceTree = "<group>"; };
		5644F8F1218995BB002911BA /* PaySafePwdView.m */ = {isa = PBXFileReference; lastKnownFileType = sourcecode.c.objc; path = PaySafePwdView.m; sourceTree = "<group>"; };
		5644F8F721899C90002911BA /* AnimationsViewController.h */ = {isa = PBXFileReference; lastKnownFileType = sourcecode.c.h; path = AnimationsViewController.h; sourceTree = "<group>"; };
		5644F8F821899C90002911BA /* AnimationsViewController.m */ = {isa = PBXFileReference; lastKnownFileType = sourcecode.c.objc; path = AnimationsViewController.m; sourceTree = "<group>"; };
		56ADE6A5215CA1E90080B118 /* dele.png */ = {isa = PBXFileReference; lastKnownFileType = image.png; path = dele.png; sourceTree = "<group>"; };
		56ADE6A6215CA1E90080B118 /* MyTextView.h */ = {isa = PBXFileReference; fileEncoding = 4; lastKnownFileType = sourcecode.c.h; path = MyTextView.h; sourceTree = "<group>"; };
		56ADE6A7215CA1E90080B118 /* MyTextView.m */ = {isa = PBXFileReference; fileEncoding = 4; lastKnownFileType = sourcecode.c.objc; path = MyTextView.m; sourceTree = "<group>"; };
		56ADE6AB215CA1F50080B118 /* TTSViewController.h */ = {isa = PBXFileReference; fileEncoding = 4; lastKnownFileType = sourcecode.c.h; path = TTSViewController.h; sourceTree = "<group>"; };
		56ADE6AC215CA1F50080B118 /* TTSViewController.m */ = {isa = PBXFileReference; fileEncoding = 4; lastKnownFileType = sourcecode.c.objc; path = TTSViewController.m; sourceTree = "<group>"; };
		56ADE6AE215CA2ED0080B118 /* MainViewController.h */ = {isa = PBXFileReference; lastKnownFileType = sourcecode.c.h; path = MainViewController.h; sourceTree = "<group>"; };
		56ADE6AF215CA2ED0080B118 /* MainViewController.m */ = {isa = PBXFileReference; lastKnownFileType = sourcecode.c.objc; path = MainViewController.m; sourceTree = "<group>"; };
		56ADE6B2215CA7870080B118 /* BaiduFanYiTool.h */ = {isa = PBXFileReference; lastKnownFileType = sourcecode.c.h; path = BaiduFanYiTool.h; sourceTree = "<group>"; };
		56ADE6B3215CA7870080B118 /* BaiduFanYiTool.m */ = {isa = PBXFileReference; lastKnownFileType = sourcecode.c.objc; path = BaiduFanYiTool.m; sourceTree = "<group>"; };
		56ADE6B6215CAA830080B118 /* MyNetWorkManage.h */ = {isa = PBXFileReference; lastKnownFileType = sourcecode.c.h; path = MyNetWorkManage.h; sourceTree = "<group>"; };
		56ADE6B7215CAA830080B118 /* MyNetWorkManage.m */ = {isa = PBXFileReference; lastKnownFileType = sourcecode.c.objc; path = MyNetWorkManage.m; sourceTree = "<group>"; };
		56ADE6BD215CC59C0080B118 /* NSString+Encryption.h */ = {isa = PBXFileReference; lastKnownFileType = sourcecode.c.h; path = "NSString+Encryption.h"; sourceTree = "<group>"; };
		56ADE6BE215CC59C0080B118 /* NSString+Encryption.m */ = {isa = PBXFileReference; lastKnownFileType = sourcecode.c.objc; path = "NSString+Encryption.m"; sourceTree = "<group>"; };
		56ADE6C4215CDE050080B118 /* SuspensionDisplayView.h */ = {isa = PBXFileReference; fileEncoding = 4; lastKnownFileType = sourcecode.c.h; path = SuspensionDisplayView.h; sourceTree = "<group>"; };
		56ADE6C5215CDE050080B118 /* SuspensionDisplayView.m */ = {isa = PBXFileReference; fileEncoding = 4; lastKnownFileType = sourcecode.c.objc; path = SuspensionDisplayView.m; sourceTree = "<group>"; };
		56ADE6C9215E14390080B118 /* PrefixHeader.pch */ = {isa = PBXFileReference; lastKnownFileType = sourcecode.c.h; path = PrefixHeader.pch; sourceTree = "<group>"; };
		56ADE6CA215E146A0080B118 /* UIView+Layout.h */ = {isa = PBXFileReference; lastKnownFileType = sourcecode.c.h; path = "UIView+Layout.h"; sourceTree = "<group>"; };
		56ADE6CB215E146A0080B118 /* UIView+Layout.m */ = {isa = PBXFileReference; lastKnownFileType = sourcecode.c.objc; path = "UIView+Layout.m"; sourceTree = "<group>"; };
		56ADE6CD215E18B30080B118 /* SpeechSettingController.h */ = {isa = PBXFileReference; lastKnownFileType = sourcecode.c.h; path = SpeechSettingController.h; sourceTree = "<group>"; };
		56ADE6CE215E18B30080B118 /* SpeechSettingController.m */ = {isa = PBXFileReference; lastKnownFileType = sourcecode.c.objc; path = SpeechSettingController.m; sourceTree = "<group>"; };
		56ADE6DD215F80F20080B118 /* MySliderView.h */ = {isa = PBXFileReference; lastKnownFileType = sourcecode.c.h; path = MySliderView.h; sourceTree = "<group>"; };
		56ADE6DE215F80F20080B118 /* MySliderView.m */ = {isa = PBXFileReference; lastKnownFileType = sourcecode.c.objc; path = MySliderView.m; sourceTree = "<group>"; };
		56ADE6E0215F81120080B118 /* MySliderView.xib */ = {isa = PBXFileReference; lastKnownFileType = file.xib; path = MySliderView.xib; sourceTree = "<group>"; };
		56B88DDC1F5FC0E90057A631 /* testDemo.app */ = {isa = PBXFileReference; explicitFileType = wrapper.application; includeInIndex = 0; path = testDemo.app; sourceTree = BUILT_PRODUCTS_DIR; };
		56B88DE01F5FC0E90057A631 /* main.m */ = {isa = PBXFileReference; lastKnownFileType = sourcecode.c.objc; path = main.m; sourceTree = "<group>"; };
		56B88DE21F5FC0E90057A631 /* AppDelegate.h */ = {isa = PBXFileReference; lastKnownFileType = sourcecode.c.h; path = AppDelegate.h; sourceTree = "<group>"; };
		56B88DE31F5FC0E90057A631 /* AppDelegate.m */ = {isa = PBXFileReference; lastKnownFileType = sourcecode.c.objc; path = AppDelegate.m; sourceTree = "<group>"; };
		56B88DE51F5FC0E90057A631 /* ViewController.h */ = {isa = PBXFileReference; lastKnownFileType = sourcecode.c.h; path = ViewController.h; sourceTree = "<group>"; };
		56B88DE61F5FC0E90057A631 /* ViewController.m */ = {isa = PBXFileReference; lastKnownFileType = sourcecode.c.objc; path = ViewController.m; sourceTree = "<group>"; };
		56B88DE91F5FC0E90057A631 /* Base */ = {isa = PBXFileReference; lastKnownFileType = file.storyboard; name = Base; path = Base.lproj/Main.storyboard; sourceTree = "<group>"; };
		56B88DEB1F5FC0E90057A631 /* Assets.xcassets */ = {isa = PBXFileReference; lastKnownFileType = folder.assetcatalog; path = Assets.xcassets; sourceTree = "<group>"; };
		56B88DEE1F5FC0E90057A631 /* Base */ = {isa = PBXFileReference; lastKnownFileType = file.storyboard; name = Base; path = Base.lproj/LaunchScreen.storyboard; sourceTree = "<group>"; };
		56B88DF01F5FC0E90057A631 /* Info.plist */ = {isa = PBXFileReference; lastKnownFileType = text.plist.xml; path = Info.plist; sourceTree = "<group>"; };
		56CB399D218C192E005C8A65 /* SingleObject.h */ = {isa = PBXFileReference; lastKnownFileType = sourcecode.c.h; path = SingleObject.h; sourceTree = "<group>"; };
		56CB399E218C192E005C8A65 /* SingleObject.m */ = {isa = PBXFileReference; lastKnownFileType = sourcecode.c.objc; path = SingleObject.m; sourceTree = "<group>"; };
		56CB39A0218C3660005C8A65 /* SingletonDefine.h */ = {isa = PBXFileReference; lastKnownFileType = sourcecode.c.h; path = SingletonDefine.h; sourceTree = "<group>"; };
		56CB39A4218C5066005C8A65 /* DesignPatternsViewController.h */ = {isa = PBXFileReference; lastKnownFileType = sourcecode.c.h; path = DesignPatternsViewController.h; sourceTree = "<group>"; };
		56CB39A5218C5066005C8A65 /* DesignPatternsViewController.m */ = {isa = PBXFileReference; lastKnownFileType = sourcecode.c.objc; path = DesignPatternsViewController.m; sourceTree = "<group>"; };
		56CB39A7218C5125005C8A65 /* SingletonTestViewController.h */ = {isa = PBXFileReference; lastKnownFileType = sourcecode.c.h; path = SingletonTestViewController.h; sourceTree = "<group>"; };
		56CB39A8218C5126005C8A65 /* SingletonTestViewController.m */ = {isa = PBXFileReference; lastKnownFileType = sourcecode.c.objc; path = SingletonTestViewController.m; sourceTree = "<group>"; };
		56F63569217971370059BFA0 /* TestViewController.h */ = {isa = PBXFileReference; lastKnownFileType = sourcecode.c.h; path = TestViewController.h; sourceTree = "<group>"; };
		56F6356A217971370059BFA0 /* TestViewController.m */ = {isa = PBXFileReference; lastKnownFileType = sourcecode.c.objc; path = TestViewController.m; sourceTree = "<group>"; };
		E6419D572266FCF08A3D5F36 /* Pods-testDemo.release.xcconfig */ = {isa = PBXFileReference; includeInIndex = 1; lastKnownFileType = text.xcconfig; name = "Pods-testDemo.release.xcconfig"; path = "Pods/Target Support Files/Pods-testDemo/Pods-testDemo.release.xcconfig"; sourceTree = "<group>"; };
/* End PBXFileReference section */

/* Begin PBXFrameworksBuildPhase section */
		56B88DD91F5FC0E90057A631 /* Frameworks */ = {
			isa = PBXFrameworksBuildPhase;
			buildActionMask = 2147483647;
			files = (
				93A5F86C2E8D46BA356E4154 /* libPods-testDemo.a in Frameworks */,
			);
			runOnlyForDeploymentPostprocessing = 0;
		};
/* End PBXFrameworksBuildPhase section */

/* Begin PBXGroup section */
		5636A7D6219409A2007CEE97 /* Broadcasting */ = {
			isa = PBXGroup;
			children = (
				5636A7D7219409D8007CEE97 /* BroadcastingViewController.h */,
				5636A7D8219409D8007CEE97 /* BroadcastingViewController.m */,
			);
			path = Broadcasting;
			sourceTree = "<group>";
		};
		5636A7DA21940AED007CEE97 /* Barrage */ = {
			isa = PBXGroup;
			children = (
				5636A7DB21940AFD007CEE97 /* BarrageViewController.h */,
				5636A7DC21940AFD007CEE97 /* BarrageViewController.m */,
				5636A7E421940D4E007CEE97 /* ZLScrollLabelView.h */,
				5636A7E521940D4E007CEE97 /* ZLScrollLabelView.m */,
				5636A7E121940C8A007CEE97 /* NSString+XHHExtension.h */,
				5636A7E221940C8A007CEE97 /* NSString+XHHExtension.m */,
			);
			path = Barrage;
			sourceTree = "<group>";
		};
		5636A7E721940EB3007CEE97 /* LiveHeart */ = {
			isa = PBXGroup;
			children = (
				5636A7E821940EC7007CEE97 /* LiveHeartViewController.h */,
				5636A7E921940EC7007CEE97 /* LiveHeartViewController.m */,
				5636A7EB21940F1C007CEE97 /* ZLLiveHeartView.h */,
				5636A7EC21940F1C007CEE97 /* ZLLiveHeartView.m */,
			);
			path = LiveHeart;
			sourceTree = "<group>";
		};
		5636A7EE21941036007CEE97 /* LikePicture */ = {
			isa = PBXGroup;
			children = (
				5636A7F2219410DE007CEE97 /* resource.bundle */,
				5636A7EF21941048007CEE97 /* LikePictureViewController.h */,
				5636A7F021941048007CEE97 /* LikePictureViewController.m */,
				5636A7F421941142007CEE97 /* ZLLikeAnimation.h */,
				5636A7F521941142007CEE97 /* ZLLikeAnimation.m */,
			);
			path = LikePicture;
			sourceTree = "<group>";
		};
		5636A7F72194124E007CEE97 /* Fireworks */ = {
			isa = PBXGroup;
			children = (
				5636A7FB219412EA007CEE97 /* fireworks@2x.png */,
				5636A7FD219412F7007CEE97 /* ring@2x.png */,
				5636A7F82194125C007CEE97 /* FireworksViewController.h */,
				5636A7F92194125C007CEE97 /* FireworksViewController.m */,
			);
			path = Fireworks;
			sourceTree = "<group>";
		};
		5636A7FF21941321007CEE97 /* Snowflake */ = {
			isa = PBXGroup;
			children = (
				5636A804219413A1007CEE97 /* alpha@2x.png */,
				5636A803219413A1007CEE97 /* snow@2x.png */,
				5636A80021941350007CEE97 /* SnowflakeViewController.h */,
				5636A80121941350007CEE97 /* SnowflakeViewController.m */,
			);
			path = Snowflake;
			sourceTree = "<group>";
		};
		5644F8E721884A71002911BA /* Login */ = {
			isa = PBXGroup;
			children = (
				5644F8E821884A98002911BA /* LoginTestViewController.h */,
				5644F8E921884A98002911BA /* LoginTestViewController.m */,
				5644F8EC21884B0B002911BA /* PassWordView */,
				5644F8EB21884AFD002911BA /* CaptchaView */,
			);
			path = Login;
			sourceTree = "<group>";
		};
		5644F8EB21884AFD002911BA /* CaptchaView */ = {
			isa = PBXGroup;
			children = (
				5644F8ED21884B77002911BA /* CaptchaView.h */,
				5644F8EE21884B77002911BA /* CaptchaView.m */,
			);
			path = CaptchaView;
			sourceTree = "<group>";
		};
		5644F8EC21884B0B002911BA /* PassWordView */ = {
			isa = PBXGroup;
			children = (
				5644F8F0218995BB002911BA /* PaySafePwdView.h */,
				5644F8F1218995BB002911BA /* PaySafePwdView.m */,
			);
			path = PassWordView;
			sourceTree = "<group>";
		};
		5644F8F321899B4E002911BA /* Animations */ = {
			isa = PBXGroup;
			children = (
				5644F8F721899C90002911BA /* AnimationsViewController.h */,
				5644F8F821899C90002911BA /* AnimationsViewController.m */,
				5636A7FF21941321007CEE97 /* Snowflake */,
				5636A7F72194124E007CEE97 /* Fireworks */,
				5636A7EE21941036007CEE97 /* LikePicture */,
				5636A7E721940EB3007CEE97 /* LiveHeart */,
				5636A7DA21940AED007CEE97 /* Barrage */,
				5636A7D6219409A2007CEE97 /* Broadcasting */,
			);
			path = Animations;
			sourceTree = "<group>";
		};
		56ADE6A4215CA1E90080B118 /* MyTextView */ = {
			isa = PBXGroup;
			children = (
				56ADE6A5215CA1E90080B118 /* dele.png */,
				56ADE6A6215CA1E90080B118 /* MyTextView.h */,
				56ADE6A7215CA1E90080B118 /* MyTextView.m */,
			);
			path = MyTextView;
			sourceTree = "<group>";
		};
		56ADE6AA215CA1F50080B118 /* TTS&FanYi */ = {
			isa = PBXGroup;
			children = (
				56ADE6AB215CA1F50080B118 /* TTSViewController.h */,
				56ADE6AC215CA1F50080B118 /* TTSViewController.m */,
				56ADE6CD215E18B30080B118 /* SpeechSettingController.h */,
				56ADE6CE215E18B30080B118 /* SpeechSettingController.m */,
				56ADE6DD215F80F20080B118 /* MySliderView.h */,
				56ADE6DE215F80F20080B118 /* MySliderView.m */,
				56ADE6E0215F81120080B118 /* MySliderView.xib */,
			);
			path = "TTS&FanYi";
			sourceTree = "<group>";
		};
		56ADE6B1215CA7640080B118 /* BaiduFanYiTool */ = {
			isa = PBXGroup;
			children = (
				56ADE6B2215CA7870080B118 /* BaiduFanYiTool.h */,
				56ADE6B3215CA7870080B118 /* BaiduFanYiTool.m */,
			);
			path = BaiduFanYiTool;
			sourceTree = "<group>";
		};
		56ADE6B5215CAA640080B118 /* MyNetWorkManage */ = {
			isa = PBXGroup;
			children = (
				56ADE6B6215CAA830080B118 /* MyNetWorkManage.h */,
				56ADE6B7215CAA830080B118 /* MyNetWorkManage.m */,
			);
			path = MyNetWorkManage;
			sourceTree = "<group>";
		};
		56ADE6B9215CC00D0080B118 /* Categary */ = {
			isa = PBXGroup;
			children = (
				56ADE6BD215CC59C0080B118 /* NSString+Encryption.h */,
				56ADE6BE215CC59C0080B118 /* NSString+Encryption.m */,
				56ADE6CA215E146A0080B118 /* UIView+Layout.h */,
				56ADE6CB215E146A0080B118 /* UIView+Layout.m */,
			);
			path = Categary;
			sourceTree = "<group>";
		};
		56ADE6C3215CDE050080B118 /* SuspensionDisplayView */ = {
			isa = PBXGroup;
			children = (
				56ADE6C4215CDE050080B118 /* SuspensionDisplayView.h */,
				56ADE6C5215CDE050080B118 /* SuspensionDisplayView.m */,
			);
			path = SuspensionDisplayView;
			sourceTree = "<group>";
		};
		56ADE6C7215E015C0080B118 /* CommonTools */ = {
			isa = PBXGroup;
			children = (
				56ADE6B5215CAA640080B118 /* MyNetWorkManage */,
				56ADE6B1215CA7640080B118 /* BaiduFanYiTool */,
			);
			path = CommonTools;
			sourceTree = "<group>";
		};
		56ADE6C8215E023C0080B118 /* CommonViews */ = {
			isa = PBXGroup;
			children = (
				56ADE6C3215CDE050080B118 /* SuspensionDisplayView */,
				56ADE6A4215CA1E90080B118 /* MyTextView */,
			);
			path = CommonViews;
			sourceTree = "<group>";
		};
		56B88DD31F5FC0E90057A631 = {
			isa = PBXGroup;
			children = (
				56B88DDE1F5FC0E90057A631 /* testDemo */,
				56B88DDD1F5FC0E90057A631 /* Products */,
				D19BBF031CEFBE47F0283B19 /* Pods */,
				B5758C7BCE083C53AF193DAC /* Frameworks */,
			);
			sourceTree = "<group>";
		};
		56B88DDD1F5FC0E90057A631 /* Products */ = {
			isa = PBXGroup;
			children = (
				56B88DDC1F5FC0E90057A631 /* testDemo.app */,
			);
			name = Products;
			sourceTree = "<group>";
		};
		56B88DDE1F5FC0E90057A631 /* testDemo */ = {
			isa = PBXGroup;
			children = (
				56B88DE21F5FC0E90057A631 /* AppDelegate.h */,
				56B88DE31F5FC0E90057A631 /* AppDelegate.m */,
				56B88DE51F5FC0E90057A631 /* ViewController.h */,
				56B88DE61F5FC0E90057A631 /* ViewController.m */,
				56ADE6AE215CA2ED0080B118 /* MainViewController.h */,
				56ADE6AF215CA2ED0080B118 /* MainViewController.m */,
				56F63569217971370059BFA0 /* TestViewController.h */,
				56F6356A217971370059BFA0 /* TestViewController.m */,
				5636A7D321927CCB007CEE97 /* Person.h */,
				5636A7D421927CCB007CEE97 /* Person.m */,
				56CB399C218C1908005C8A65 /* DesignPatterns */,
				5644F8F321899B4E002911BA /* Animations */,
				5644F8E721884A71002911BA /* Login */,
				56ADE6C8215E023C0080B118 /* CommonViews */,
				56ADE6C7215E015C0080B118 /* CommonTools */,
				56ADE6B9215CC00D0080B118 /* Categary */,
				56ADE6AA215CA1F50080B118 /* TTS&FanYi */,
				56B88DE81F5FC0E90057A631 /* Main.storyboard */,
				56B88DEB1F5FC0E90057A631 /* Assets.xcassets */,
				56B88DED1F5FC0E90057A631 /* LaunchScreen.storyboard */,
				56B88DF01F5FC0E90057A631 /* Info.plist */,
				56ADE6C9215E14390080B118 /* PrefixHeader.pch */,
				56B88DDF1F5FC0E90057A631 /* Supporting Files */,
			);
			path = testDemo;
			sourceTree = "<group>";
		};
		56B88DDF1F5FC0E90057A631 /* Supporting Files */ = {
			isa = PBXGroup;
			children = (
				56B88DE01F5FC0E90057A631 /* main.m */,
			);
			name = "Supporting Files";
			sourceTree = "<group>";
		};
		56CB399C218C1908005C8A65 /* DesignPatterns */ = {
			isa = PBXGroup;
			children = (
				56CB39A0218C3660005C8A65 /* SingletonDefine.h */,
				56CB399D218C192E005C8A65 /* SingleObject.h */,
				56CB399E218C192E005C8A65 /* SingleObject.m */,
				56CB39A4218C5066005C8A65 /* DesignPatternsViewController.h */,
				56CB39A5218C5066005C8A65 /* DesignPatternsViewController.m */,
				56CB39A7218C5125005C8A65 /* SingletonTestViewController.h */,
				56CB39A8218C5126005C8A65 /* SingletonTestViewController.m */,
			);
			path = DesignPatterns;
			sourceTree = "<group>";
		};
		B5758C7BCE083C53AF193DAC /* Frameworks */ = {
			isa = PBXGroup;
			children = (
				1B2B99A6273BA5651ED76F32 /* libPods-testDemo.a */,
			);
			name = Frameworks;
			sourceTree = "<group>";
		};
		D19BBF031CEFBE47F0283B19 /* Pods */ = {
			isa = PBXGroup;
			children = (
				342532960FA2DDE9977C7DF6 /* Pods-testDemo.debug.xcconfig */,
				E6419D572266FCF08A3D5F36 /* Pods-testDemo.release.xcconfig */,
			);
			name = Pods;
			sourceTree = "<group>";
		};
/* End PBXGroup section */

/* Begin PBXNativeTarget section */
		56B88DDB1F5FC0E90057A631 /* testDemo */ = {
			isa = PBXNativeTarget;
			buildConfigurationList = 56B88DF31F5FC0E90057A631 /* Build configuration list for PBXNativeTarget "testDemo" */;
			buildPhases = (
				782BDA9ECE6539DF2638D0AC /* [CP] Check Pods Manifest.lock */,
				56B88DD81F5FC0E90057A631 /* Sources */,
				56B88DD91F5FC0E90057A631 /* Frameworks */,
				56B88DDA1F5FC0E90057A631 /* Resources */,
				46A5003FAD67B8F99C164DC8 /* [CP] Copy Pods Resources */,
			);
			buildRules = (
			);
			dependencies = (
			);
			name = testDemo;
			productName = testDemo;
			productReference = 56B88DDC1F5FC0E90057A631 /* testDemo.app */;
			productType = "com.apple.product-type.application";
		};
/* End PBXNativeTarget section */

/* Begin PBXProject section */
		56B88DD41F5FC0E90057A631 /* Project object */ = {
			isa = PBXProject;
			attributes = {
				LastUpgradeCheck = 1000;
				ORGANIZATIONNAME = ryan;
				TargetAttributes = {
					56B88DDB1F5FC0E90057A631 = {
						CreatedOnToolsVersion = 8.3.3;
						DevelopmentTeam = K856TWSZPZ;
						ProvisioningStyle = Automatic;
					};
				};
			};
			buildConfigurationList = 56B88DD71F5FC0E90057A631 /* Build configuration list for PBXProject "testDemo" */;
			compatibilityVersion = "Xcode 3.2";
			developmentRegion = English;
			hasScannedForEncodings = 0;
			knownRegions = (
				en,
				Base,
			);
			mainGroup = 56B88DD31F5FC0E90057A631;
			productRefGroup = 56B88DDD1F5FC0E90057A631 /* Products */;
			projectDirPath = "";
			projectRoot = "";
			targets = (
				56B88DDB1F5FC0E90057A631 /* testDemo */,
			);
		};
/* End PBXProject section */

/* Begin PBXResourcesBuildPhase section */
		56B88DDA1F5FC0E90057A631 /* Resources */ = {
			isa = PBXResourcesBuildPhase;
			buildActionMask = 2147483647;
			files = (
				5636A805219413A1007CEE97 /* snow@2x.png in Resources */,
				5636A7FE219412F7007CEE97 /* ring@2x.png in Resources */,
				56B88DEF1F5FC0E90057A631 /* LaunchScreen.storyboard in Resources */,
				56ADE6A8215CA1E90080B118 /* dele.png in Resources */,
				56B88DEC1F5FC0E90057A631 /* Assets.xcassets in Resources */,
				5636A806219413A1007CEE97 /* alpha@2x.png in Resources */,
				5636A7F3219410DE007CEE97 /* resource.bundle in Resources */,
				5636A7FC219412EA007CEE97 /* fireworks@2x.png in Resources */,
				56ADE6E1215F81120080B118 /* MySliderView.xib in Resources */,
				56B88DEA1F5FC0E90057A631 /* Main.storyboard in Resources */,
			);
			runOnlyForDeploymentPostprocessing = 0;
		};
/* End PBXResourcesBuildPhase section */

/* Begin PBXShellScriptBuildPhase section */
		46A5003FAD67B8F99C164DC8 /* [CP] Copy Pods Resources */ = {
			isa = PBXShellScriptBuildPhase;
			buildActionMask = 2147483647;
			files = (
			);
			inputPaths = (
				"${SRCROOT}/Pods/Target Support Files/Pods-testDemo/Pods-testDemo-resources.sh",
				"${PODS_ROOT}/IQKeyboardManager/IQKeyboardManager/Resources/IQKeyboardManager.bundle",
				"${PODS_ROOT}/TZImagePickerController/TZImagePickerController/TZImagePickerController/TZImagePickerController.bundle",
			);
			name = "[CP] Copy Pods Resources";
			outputPaths = (
				"${TARGET_BUILD_DIR}/${UNLOCALIZED_RESOURCES_FOLDER_PATH}/IQKeyboardManager.bundle",
				"${TARGET_BUILD_DIR}/${UNLOCALIZED_RESOURCES_FOLDER_PATH}/TZImagePickerController.bundle",
			);
			runOnlyForDeploymentPostprocessing = 0;
			shellPath = /bin/sh;
			shellScript = "\"${SRCROOT}/Pods/Target Support Files/Pods-testDemo/Pods-testDemo-resources.sh\"\n";
			showEnvVarsInLog = 0;
		};
		782BDA9ECE6539DF2638D0AC /* [CP] Check Pods Manifest.lock */ = {
			isa = PBXShellScriptBuildPhase;
			buildActionMask = 2147483647;
			files = (
			);
			inputPaths = (
				"${PODS_PODFILE_DIR_PATH}/Podfile.lock",
				"${PODS_ROOT}/Manifest.lock",
			);
			name = "[CP] Check Pods Manifest.lock";
			outputPaths = (
				"$(DERIVED_FILE_DIR)/Pods-testDemo-checkManifestLockResult.txt",
			);
			runOnlyForDeploymentPostprocessing = 0;
			shellPath = /bin/sh;
			shellScript = "diff \"${PODS_PODFILE_DIR_PATH}/Podfile.lock\" \"${PODS_ROOT}/Manifest.lock\" > /dev/null\nif [ $? != 0 ] ; then\n    # print error to STDERR\n    echo \"error: The sandbox is not in sync with the Podfile.lock. Run 'pod install' or update your CocoaPods installation.\" >&2\n    exit 1\nfi\n# This output is used by Xcode 'outputs' to avoid re-running this script phase.\necho \"SUCCESS\" > \"${SCRIPT_OUTPUT_FILE_0}\"\n";
			showEnvVarsInLog = 0;
		};
/* End PBXShellScriptBuildPhase section */

/* Begin PBXSourcesBuildPhase section */
		56B88DD81F5FC0E90057A631 /* Sources */ = {
			isa = PBXSourcesBuildPhase;
			buildActionMask = 2147483647;
			files = (
				56ADE6C6215CDE050080B118 /* SuspensionDisplayView.m in Sources */,
				5636A7EA21940EC7007CEE97 /* LiveHeartViewController.m in Sources */,
				56B88DE71F5FC0E90057A631 /* ViewController.m in Sources */,
				5636A7F621941142007CEE97 /* ZLLikeAnimation.m in Sources */,
				5636A7D521927CCB007CEE97 /* Person.m in Sources */,
				56F6356B217971380059BFA0 /* TestViewController.m in Sources */,
				56ADE6B4215CA7870080B118 /* BaiduFanYiTool.m in Sources */,
				56ADE6B0215CA2ED0080B118 /* MainViewController.m in Sources */,
				5644F8F921899C90002911BA /* AnimationsViewController.m in Sources */,
				5644F8EF21884B77002911BA /* CaptchaView.m in Sources */,
				56ADE6A9215CA1E90080B118 /* MyTextView.m in Sources */,
				56ADE6DF215F80F20080B118 /* MySliderView.m in Sources */,
				5636A7E621940D4E007CEE97 /* ZLScrollLabelView.m in Sources */,
				56B88DE41F5FC0E90057A631 /* AppDelegate.m in Sources */,
				56CB399F218C192E005C8A65 /* SingleObject.m in Sources */,
				56ADE6CF215E18B30080B118 /* SpeechSettingController.m in Sources */,
				5636A7D9219409D8007CEE97 /* BroadcastingViewController.m in Sources */,
				56CB39A9218C5126005C8A65 /* SingletonTestViewController.m in Sources */,
				5636A7F121941048007CEE97 /* LikePictureViewController.m in Sources */,
				56ADE6BF215CC59C0080B118 /* NSString+Encryption.m in Sources */,
				5636A7E321940C8A007CEE97 /* NSString+XHHExtension.m in Sources */,
				5644F8F2218995BB002911BA /* PaySafePwdView.m in Sources */,
				56ADE6B8215CAA830080B118 /* MyNetWorkManage.m in Sources */,
				5636A7ED21940F1C007CEE97 /* ZLLiveHeartView.m in Sources */,
				5644F8EA21884A98002911BA /* LoginTestViewController.m in Sources */,
				5636A7FA2194125C007CEE97 /* FireworksViewController.m in Sources */,
				56ADE6CC215E146A0080B118 /* UIView+Layout.m in Sources */,
				56B88DE11F5FC0E90057A631 /* main.m in Sources */,
				5636A7DD21940AFD007CEE97 /* BarrageViewController.m in Sources */,
				5636A80221941350007CEE97 /* SnowflakeViewController.m in Sources */,
				56ADE6AD215CA1F50080B118 /* TTSViewController.m in Sources */,
				56CB39A6218C5066005C8A65 /* DesignPatternsViewController.m in Sources */,
			);
			runOnlyForDeploymentPostprocessing = 0;
		};
/* End PBXSourcesBuildPhase section */

/* Begin PBXVariantGroup section */
		56B88DE81F5FC0E90057A631 /* Main.storyboard */ = {
			isa = PBXVariantGroup;
			children = (
				56B88DE91F5FC0E90057A631 /* Base */,
			);
			name = Main.storyboard;
			sourceTree = "<group>";
		};
		56B88DED1F5FC0E90057A631 /* LaunchScreen.storyboard */ = {
			isa = PBXVariantGroup;
			children = (
				56B88DEE1F5FC0E90057A631 /* Base */,
			);
			name = LaunchScreen.storyboard;
			sourceTree = "<group>";
		};
/* End PBXVariantGroup section */

/* Begin XCBuildConfiguration section */
		56B88DF11F5FC0E90057A631 /* Debug */ = {
			isa = XCBuildConfiguration;
			buildSettings = {
				ALWAYS_SEARCH_USER_PATHS = NO;
				CLANG_ANALYZER_NONNULL = YES;
				CLANG_ANALYZER_NUMBER_OBJECT_CONVERSION = YES_AGGRESSIVE;
				CLANG_CXX_LANGUAGE_STANDARD = "gnu++0x";
				CLANG_CXX_LIBRARY = "libc++";
				CLANG_ENABLE_MODULES = YES;
				CLANG_ENABLE_OBJC_ARC = YES;
				CLANG_WARN_BLOCK_CAPTURE_AUTORELEASING = YES;
				CLANG_WARN_BOOL_CONVERSION = YES;
				CLANG_WARN_COMMA = YES;
				CLANG_WARN_CONSTANT_CONVERSION = YES;
				CLANG_WARN_DEPRECATED_OBJC_IMPLEMENTATIONS = YES;
				CLANG_WARN_DIRECT_OBJC_ISA_USAGE = YES_ERROR;
				CLANG_WARN_DOCUMENTATION_COMMENTS = YES;
				CLANG_WARN_EMPTY_BODY = YES;
				CLANG_WARN_ENUM_CONVERSION = YES;
				CLANG_WARN_INFINITE_RECURSION = YES;
				CLANG_WARN_INT_CONVERSION = YES;
				CLANG_WARN_NON_LITERAL_NULL_CONVERSION = YES;
				CLANG_WARN_OBJC_IMPLICIT_RETAIN_SELF = YES;
				CLANG_WARN_OBJC_LITERAL_CONVERSION = YES;
				CLANG_WARN_OBJC_ROOT_CLASS = YES_ERROR;
				CLANG_WARN_RANGE_LOOP_ANALYSIS = YES;
				CLANG_WARN_STRICT_PROTOTYPES = YES;
				CLANG_WARN_SUSPICIOUS_MOVE = YES;
				CLANG_WARN_UNREACHABLE_CODE = YES;
				CLANG_WARN__DUPLICATE_METHOD_MATCH = YES;
				"CODE_SIGN_IDENTITY[sdk=iphoneos*]" = "iPhone Developer";
				COPY_PHASE_STRIP = NO;
				DEBUG_INFORMATION_FORMAT = dwarf;
				ENABLE_STRICT_OBJC_MSGSEND = YES;
				ENABLE_TESTABILITY = YES;
				GCC_C_LANGUAGE_STANDARD = gnu99;
				GCC_DYNAMIC_NO_PIC = NO;
				GCC_NO_COMMON_BLOCKS = YES;
				GCC_OPTIMIZATION_LEVEL = 0;
				GCC_PREPROCESSOR_DEFINITIONS = (
					"DEBUG=1",
					"$(inherited)",
				);
				GCC_WARN_64_TO_32_BIT_CONVERSION = YES;
				GCC_WARN_ABOUT_RETURN_TYPE = YES_ERROR;
				GCC_WARN_UNDECLARED_SELECTOR = YES;
				GCC_WARN_UNINITIALIZED_AUTOS = YES_AGGRESSIVE;
				GCC_WARN_UNUSED_FUNCTION = YES;
				GCC_WARN_UNUSED_VARIABLE = YES;
				IPHONEOS_DEPLOYMENT_TARGET = 9.0;
				MTL_ENABLE_DEBUG_INFO = YES;
				ONLY_ACTIVE_ARCH = YES;
				SDKROOT = iphoneos;
				TARGETED_DEVICE_FAMILY = "1,2";
			};
			name = Debug;
		};
		56B88DF21F5FC0E90057A631 /* Release */ = {
			isa = XCBuildConfiguration;
			buildSettings = {
				ALWAYS_SEARCH_USER_PATHS = NO;
				CLANG_ANALYZER_NONNULL = YES;
				CLANG_ANALYZER_NUMBER_OBJECT_CONVERSION = YES_AGGRESSIVE;
				CLANG_CXX_LANGUAGE_STANDARD = "gnu++0x";
				CLANG_CXX_LIBRARY = "libc++";
				CLANG_ENABLE_MODULES = YES;
				CLANG_ENABLE_OBJC_ARC = YES;
				CLANG_WARN_BLOCK_CAPTURE_AUTORELEASING = YES;
				CLANG_WARN_BOOL_CONVERSION = YES;
				CLANG_WARN_COMMA = YES;
				CLANG_WARN_CONSTANT_CONVERSION = YES;
				CLANG_WARN_DEPRECATED_OBJC_IMPLEMENTATIONS = YES;
				CLANG_WARN_DIRECT_OBJC_ISA_USAGE = YES_ERROR;
				CLANG_WARN_DOCUMENTATION_COMMENTS = YES;
				CLANG_WARN_EMPTY_BODY = YES;
				CLANG_WARN_ENUM_CONVERSION = YES;
				CLANG_WARN_INFINITE_RECURSION = YES;
				CLANG_WARN_INT_CONVERSION = YES;
				CLANG_WARN_NON_LITERAL_NULL_CONVERSION = YES;
				CLANG_WARN_OBJC_IMPLICIT_RETAIN_SELF = YES;
				CLANG_WARN_OBJC_LITERAL_CONVERSION = YES;
				CLANG_WARN_OBJC_ROOT_CLASS = YES_ERROR;
				CLANG_WARN_RANGE_LOOP_ANALYSIS = YES;
				CLANG_WARN_STRICT_PROTOTYPES = YES;
				CLANG_WARN_SUSPICIOUS_MOVE = YES;
				CLANG_WARN_UNREACHABLE_CODE = YES;
				CLANG_WARN__DUPLICATE_METHOD_MATCH = YES;
				"CODE_SIGN_IDENTITY[sdk=iphoneos*]" = "iPhone Developer";
				COPY_PHASE_STRIP = NO;
				DEBUG_INFORMATION_FORMAT = "dwarf-with-dsym";
				ENABLE_NS_ASSERTIONS = NO;
				ENABLE_STRICT_OBJC_MSGSEND = YES;
				GCC_C_LANGUAGE_STANDARD = gnu99;
				GCC_NO_COMMON_BLOCKS = YES;
				GCC_WARN_64_TO_32_BIT_CONVERSION = YES;
				GCC_WARN_ABOUT_RETURN_TYPE = YES_ERROR;
				GCC_WARN_UNDECLARED_SELECTOR = YES;
				GCC_WARN_UNINITIALIZED_AUTOS = YES_AGGRESSIVE;
				GCC_WARN_UNUSED_FUNCTION = YES;
				GCC_WARN_UNUSED_VARIABLE = YES;
				IPHONEOS_DEPLOYMENT_TARGET = 9.0;
				MTL_ENABLE_DEBUG_INFO = NO;
				SDKROOT = iphoneos;
				TARGETED_DEVICE_FAMILY = "1,2";
				VALIDATE_PRODUCT = YES;
			};
			name = Release;
		};
		56B88DF41F5FC0E90057A631 /* Debug */ = {
			isa = XCBuildConfiguration;
			baseConfigurationReference = 342532960FA2DDE9977C7DF6 /* Pods-testDemo.debug.xcconfig */;
			buildSettings = {
				ASSETCATALOG_COMPILER_APPICON_NAME = AppIcon;
				DEVELOPMENT_TEAM = K856TWSZPZ;
				GCC_PRECOMPILE_PREFIX_HEADER = YES;
				GCC_PREFIX_HEADER = ./testDemo/PrefixHeader.pch;
				INFOPLIST_FILE = testDemo/Info.plist;
				IPHONEOS_DEPLOYMENT_TARGET = 9.0;
				LD_RUNPATH_SEARCH_PATHS = "$(inherited) @executable_path/Frameworks";
				PRODUCT_BUNDLE_IDENTIFIER = com.quweile.testDemo;
				PRODUCT_NAME = "$(TARGET_NAME)";
			};
			name = Debug;
		};
		56B88DF51F5FC0E90057A631 /* Release */ = {
			isa = XCBuildConfiguration;
			baseConfigurationReference = E6419D572266FCF08A3D5F36 /* Pods-testDemo.release.xcconfig */;
			buildSettings = {
				ASSETCATALOG_COMPILER_APPICON_NAME = AppIcon;
				DEVELOPMENT_TEAM = K856TWSZPZ;
				GCC_PRECOMPILE_PREFIX_HEADER = YES;
				GCC_PREFIX_HEADER = ./testDemo/PrefixHeader.pch;
				INFOPLIST_FILE = testDemo/Info.plist;
				IPHONEOS_DEPLOYMENT_TARGET = 9.0;
				LD_RUNPATH_SEARCH_PATHS = "$(inherited) @executable_path/Frameworks";
				PRODUCT_BUNDLE_IDENTIFIER = com.quweile.testDemo;
				PRODUCT_NAME = "$(TARGET_NAME)";
			};
			name = Release;
		};
/* End XCBuildConfiguration section */

/* Begin XCConfigurationList section */
		56B88DD71F5FC0E90057A631 /* Build configuration list for PBXProject "testDemo" */ = {
			isa = XCConfigurationList;
			buildConfigurations = (
				56B88DF11F5FC0E90057A631 /* Debug */,
				56B88DF21F5FC0E90057A631 /* Release */,
			);
			defaultConfigurationIsVisible = 0;
			defaultConfigurationName = Release;
		};
		56B88DF31F5FC0E90057A631 /* Build configuration list for PBXNativeTarget "testDemo" */ = {
			isa = XCConfigurationList;
			buildConfigurations = (
				56B88DF41F5FC0E90057A631 /* Debug */,
				56B88DF51F5FC0E90057A631 /* Release */,
			);
			defaultConfigurationIsVisible = 0;
			defaultConfigurationName = Release;
		};
/* End XCConfigurationList section */
	};
	rootObject = 56B88DD41F5FC0E90057A631 /* Project object */;
}
